
Microsoft Visual Studio Solution File, Format Version 12.00
# Visual Studio Version 17
VisualStudioVersion = 17.0.31903.59
MinimumVisualStudioVersion = 10.0.40219.1
Project("{FAE04EC0-301F-11D3-BF4B-00C04F79EFBC}") = "DU - Z", "DU - Z\DU - Z.csproj", "{83237F15-A234-4425-9F12-94D6B1AF573F}"
EndProject
Project("{FAE04EC0-301F-11D3-BF4B-00C04F79EFBC}") = "DU hodiny", "DU hodiny\DU hodiny.csproj", "{3285AEEF-6644-439C-A41D-3F2F7FE00C68}"
EndProject
Global
	GlobalSection(SolutionConfigurationPlatforms) = preSolution
		Debug|Any CPU = Debug|Any CPU
		Release|Any CPU = Release|Any CPU
	EndGlobalSection
	GlobalSection(SolutionProperties) = preSolution
		HideSolutionNode = FALSE
	EndGlobalSection
	GlobalSection(ProjectConfigurationPlatforms) = postSolution
		{83237F15-A234-4425-9F12-94D6B1AF573F}.Debug|Any CPU.ActiveCfg = Debug|Any CPU
		{83237F15-A234-4425-9F12-94D6B1AF573F}.Debug|Any CPU.Build.0 = Debug|Any CPU
		{83237F15-A234-4425-9F12-94D6B1AF573F}.Release|Any CPU.ActiveCfg = Release|Any CPU
		{83237F15-A234-4425-9F12-94D6B1AF573F}.Release|Any CPU.Build.0 = Release|Any CPU
		{3285AEEF-6644-439C-A41D-3F2F7FE00C68}.Debug|Any CPU.ActiveCfg = Debug|Any CPU
		{3285AEEF-6644-439C-A41D-3F2F7FE00C68}.Debug|Any CPU.Build.0 = Debug|Any CPU
		{3285AEEF-6644-439C-A41D-3F2F7FE00C68}.Release|Any CPU.ActiveCfg = Release|Any CPU
		{3285AEEF-6644-439C-A41D-3F2F7FE00C68}.Release|Any CPU.Build.0 = Release|Any CPU
	EndGlobalSection
EndGlobal
