
Microsoft Visual Studio Solution File, Format Version 12.00
# Visual Studio Version 17
VisualStudioVersion = 17.5.002.0
MinimumVisualStudioVersion = 10.0.40219.1
Project("{9A19103F-16F7-4668-BE54-9A1E7A4F7556}") = "001-App1", "001-App1.csproj", "{025720B0-2206-46D6-ADD6-65D63D93943C}"
EndProject
Global
	GlobalSection(SolutionConfigurationPlatforms) = preSolution
		Debug|Any CPU = Debug|Any CPU
		Release|Any CPU = Release|Any CPU
	EndGlobalSection
	GlobalSection(ProjectConfigurationPlatforms) = postSolution
		{025720B0-2206-46D6-ADD6-65D63D93943C}.Debug|Any CPU.ActiveCfg = Debug|Any CPU
		{025720B0-2206-46D6-ADD6-65D63D93943C}.Debug|Any CPU.Build.0 = Debug|Any CPU
		{025720B0-2206-46D6-ADD6-65D63D93943C}.Release|Any CPU.ActiveCfg = Release|Any CPU
		{025720B0-2206-46D6-ADD6-65D63D93943C}.Release|Any CPU.Build.0 = Release|Any CPU
	EndGlobalSection
	GlobalSection(SolutionProperties) = preSolution
		HideSolutionNode = FALSE
	EndGlobalSection
	GlobalSection(ExtensibilityGlobals) = postSolution
		SolutionGuid = {D99C9FBD-4FD8-4436-BC63-28527C589666}
	EndGlobalSection
EndGlobal
